
Microsoft Visual Studio Solution File, Format Version 12.00
# Visual Studio 15
VisualStudioVersion = 15.0.27130.2027
MinimumVisualStudioVersion = 10.0.40219.1
Project("{9A19103F-16F7-4668-BE54-9A1E7A4F7556}") = "ServiceBusMessageProducer", "ServiceBusMessageProducer\ServiceBusMessageProducer.csproj", "{FD36388B-1085-44EF-B98F-0CEC2392052E}"
EndProject
Project("{FAE04EC0-301F-11D3-BF4B-00C04F79EFBC}") = "ServiceBusReceiver", "ServiceBusReceiver\ServiceBusReceiver.csproj", "{78349C76-3568-4F3B-AD6C-2F18D6D3B561}"
EndProject
Global
	GlobalSection(SolutionConfigurationPlatforms) = preSolution
		Debug|Any CPU = Debug|Any CPU
		Release|Any CPU = Release|Any CPU
	EndGlobalSection
	GlobalSection(ProjectConfigurationPlatforms) = postSolution
		{FD36388B-1085-44EF-B98F-0CEC2392052E}.Debug|Any CPU.ActiveCfg = Debug|Any CPU
		{FD36388B-1085-44EF-B98F-0CEC2392052E}.Debug|Any CPU.Build.0 = Debug|Any CPU
		{FD36388B-1085-44EF-B98F-0CEC2392052E}.Release|Any CPU.ActiveCfg = Release|Any CPU
		{FD36388B-1085-44EF-B98F-0CEC2392052E}.Release|Any CPU.Build.0 = Release|Any CPU
		{78349C76-3568-4F3B-AD6C-2F18D6D3B561}.Debug|Any CPU.ActiveCfg = Debug|Any CPU
		{78349C76-3568-4F3B-AD6C-2F18D6D3B561}.Debug|Any CPU.Build.0 = Debug|Any CPU
		{78349C76-3568-4F3B-AD6C-2F18D6D3B561}.Release|Any CPU.ActiveCfg = Release|Any CPU
		{78349C76-3568-4F3B-AD6C-2F18D6D3B561}.Release|Any CPU.Build.0 = Release|Any CPU
	EndGlobalSection
	GlobalSection(SolutionProperties) = preSolution
		HideSolutionNode = FALSE
	EndGlobalSection
	GlobalSection(ExtensibilityGlobals) = postSolution
		SolutionGuid = {CBC13BBB-98EE-4548-AE74-099C38645A4A}
	EndGlobalSection
EndGlobal
